
Microsoft Visual Studio Solution File, Format Version 12.00
# Visual Studio Version 17
VisualStudioVersion = 17.5.33502.453
MinimumVisualStudioVersion = 10.0.40219.1
Project("{FAE04EC0-301F-11D3-BF4B-00C04F79EFBC}") = "BackPack_Parallel", "BackPack_Parallel.csproj", "{F1CDAFD6-3190-40D9-A4D4-BB343F5B575C}"
EndProject
Global
	GlobalSection(SolutionConfigurationPlatforms) = preSolution
		Debug|Any CPU = Debug|Any CPU
		Release|Any CPU = Release|Any CPU
	EndGlobalSection
	GlobalSection(ProjectConfigurationPlatforms) = postSolution
		{F1CDAFD6-3190-40D9-A4D4-BB343F5B575C}.Debug|Any CPU.ActiveCfg = Debug|Any CPU
		{F1CDAFD6-3190-40D9-A4D4-BB343F5B575C}.Debug|Any CPU.Build.0 = Debug|Any CPU
		{F1CDAFD6-3190-40D9-A4D4-BB343F5B575C}.Release|Any CPU.ActiveCfg = Release|Any CPU
		{F1CDAFD6-3190-40D9-A4D4-BB343F5B575C}.Release|Any CPU.Build.0 = Release|Any CPU
	EndGlobalSection
	GlobalSection(SolutionProperties) = preSolution
		HideSolutionNode = FALSE
	EndGlobalSection
	GlobalSection(ExtensibilityGlobals) = postSolution
		SolutionGuid = {9C6BA12A-892B-4DD6-8894-8502170C303A}
	EndGlobalSection
EndGlobal
